// !$*UTF8*$!
{
	archiveVersion = 1;
	classes = {
	};
	objectVersion = 46;
	objects = {

/* Begin PBXBuildFile section */
		1F6DB1B5FD8A997078A45F5F /* libPods-LumberjackLauncherExampleTests.a in Frameworks */ = {isa = PBXBuildFile; fileRef = ECFB0ED9E6822299E674D6E4 /* libPods-LumberjackLauncherExampleTests.a */; };
		8295DA0E0B8A0936C2AA96CA /* libPods-LumberjackLauncherExample.a in Frameworks */ = {isa = PBXBuildFile; fileRef = 60C7D540966101C03C2CA934 /* libPods-LumberjackLauncherExample.a */; };
		B87258AF1AE0A70700B93482 /* main.m in Sources */ = {isa = PBXBuildFile; fileRef = B87258AE1AE0A70700B93482 /* main.m */; };
		B87258B21AE0A70700B93482 /* AppDelegate.m in Sources */ = {isa = PBXBuildFile; fileRef = B87258B11AE0A70700B93482 /* AppDelegate.m */; };
		B87258B51AE0A70700B93482 /* ViewController.m in Sources */ = {isa = PBXBuildFile; fileRef = B87258B41AE0A70700B93482 /* ViewController.m */; };
		B87258B81AE0A70700B93482 /* Main.storyboard in Resources */ = {isa = PBXBuildFile; fileRef = B87258B61AE0A70700B93482 /* Main.storyboard */; };
		B87258BA1AE0A70700B93482 /* Images.xcassets in Resources */ = {isa = PBXBuildFile; fileRef = B87258B91AE0A70700B93482 /* Images.xcassets */; };
		B87258BD1AE0A70700B93482 /* LaunchScreen.xib in Resources */ = {isa = PBXBuildFile; fileRef = B87258BB1AE0A70700B93482 /* LaunchScreen.xib */; };
		B87258C91AE0A70700B93482 /* LumberjackLauncherExampleTests.m in Sources */ = {isa = PBXBuildFile; fileRef = B87258C81AE0A70700B93482 /* LumberjackLauncherExampleTests.m */; };
		B87258D51AE0A85700B93482 /* LumberjackLauncher.m in Sources */ = {isa = PBXBuildFile; fileRef = B87258D41AE0A85700B93482 /* LumberjackLauncher.m */; };
/* End PBXBuildFile section */

/* Begin PBXContainerItemProxy section */
		B87258C31AE0A70700B93482 /* PBXContainerItemProxy */ = {
			isa = PBXContainerItemProxy;
			containerPortal = B87258A11AE0A70700B93482 /* Project object */;
			proxyType = 1;
			remoteGlobalIDString = B87258A81AE0A70700B93482;
			remoteInfo = CocoaLumberjackLauncherExample;
		};
/* End PBXContainerItemProxy section */

/* Begin PBXFileReference section */
		3F991A339BCE8146051F6C1B /* Pods-LumberjackLauncherExample.debug.xcconfig */ = {isa = PBXFileReference; includeInIndex = 1; lastKnownFileType = text.xcconfig; name = "Pods-LumberjackLauncherExample.debug.xcconfig"; path = "Pods/Target Support Files/Pods-LumberjackLauncherExample/Pods-LumberjackLauncherExample.debug.xcconfig"; sourceTree = "<group>"; };
		60C7D540966101C03C2CA934 /* libPods-LumberjackLauncherExample.a */ = {isa = PBXFileReference; explicitFileType = archive.ar; includeInIndex = 0; path = "libPods-LumberjackLauncherExample.a"; sourceTree = BUILT_PRODUCTS_DIR; };
		625917274F1CCCF8326E6063 /* Pods-LumberjackLauncherExampleTests.debug.xcconfig */ = {isa = PBXFileReference; includeInIndex = 1; lastKnownFileType = text.xcconfig; name = "Pods-LumberjackLauncherExampleTests.debug.xcconfig"; path = "Pods/Target Support Files/Pods-LumberjackLauncherExampleTests/Pods-LumberjackLauncherExampleTests.debug.xcconfig"; sourceTree = "<group>"; };
		8FEFAAD8E91C77222A780B34 /* Pods-LumberjackLauncherExampleTests.release.xcconfig */ = {isa = PBXFileReference; includeInIndex = 1; lastKnownFileType = text.xcconfig; name = "Pods-LumberjackLauncherExampleTests.release.xcconfig"; path = "Pods/Target Support Files/Pods-LumberjackLauncherExampleTests/Pods-LumberjackLauncherExampleTests.release.xcconfig"; sourceTree = "<group>"; };
		B87258A91AE0A70700B93482 /* LumberjackLauncherExample.app */ = {isa = PBXFileReference; explicitFileType = wrapper.application; includeInIndex = 0; path = LumberjackLauncherExample.app; sourceTree = BUILT_PRODUCTS_DIR; };
		B87258AD1AE0A70700B93482 /* Info.plist */ = {isa = PBXFileReference; lastKnownFileType = text.plist.xml; path = Info.plist; sourceTree = "<group>"; };
		B87258AE1AE0A70700B93482 /* main.m */ = {isa = PBXFileReference; lastKnownFileType = sourcecode.c.objc; path = main.m; sourceTree = "<group>"; };
		B87258B01AE0A70700B93482 /* AppDelegate.h */ = {isa = PBXFileReference; lastKnownFileType = sourcecode.c.h; path = AppDelegate.h; sourceTree = "<group>"; };
		B87258B11AE0A70700B93482 /* AppDelegate.m */ = {isa = PBXFileReference; lastKnownFileType = sourcecode.c.objc; path = AppDelegate.m; sourceTree = "<group>"; };
		B87258B31AE0A70700B93482 /* ViewController.h */ = {isa = PBXFileReference; lastKnownFileType = sourcecode.c.h; path = ViewController.h; sourceTree = "<group>"; };
		B87258B41AE0A70700B93482 /* ViewController.m */ = {isa = PBXFileReference; lastKnownFileType = sourcecode.c.objc; path = ViewController.m; sourceTree = "<group>"; };
		B87258B71AE0A70700B93482 /* Base */ = {isa = PBXFileReference; lastKnownFileType = file.storyboard; name = Base; path = Base.lproj/Main.storyboard; sourceTree = "<group>"; };
		B87258B91AE0A70700B93482 /* Images.xcassets */ = {isa = PBXFileReference; lastKnownFileType = folder.assetcatalog; path = Images.xcassets; sourceTree = "<group>"; };
		B87258BC1AE0A70700B93482 /* Base */ = {isa = PBXFileReference; lastKnownFileType = file.xib; name = Base; path = Base.lproj/LaunchScreen.xib; sourceTree = "<group>"; };
		B87258C21AE0A70700B93482 /* LumberjackLauncherExampleTests.xctest */ = {isa = PBXFileReference; explicitFileType = wrapper.cfbundle; includeInIndex = 0; path = LumberjackLauncherExampleTests.xctest; sourceTree = BUILT_PRODUCTS_DIR; };
		B87258C71AE0A70700B93482 /* Info.plist */ = {isa = PBXFileReference; lastKnownFileType = text.plist.xml; path = Info.plist; sourceTree = "<group>"; };
		B87258C81AE0A70700B93482 /* LumberjackLauncherExampleTests.m */ = {isa = PBXFileReference; lastKnownFileType = sourcecode.c.objc; path = LumberjackLauncherExampleTests.m; sourceTree = "<group>"; };
		B87258D31AE0A85700B93482 /* LumberjackLauncher.h */ = {isa = PBXFileReference; fileEncoding = 4; lastKnownFileType = sourcecode.c.h; path = LumberjackLauncher.h; sourceTree = "<group>"; };
		B87258D41AE0A85700B93482 /* LumberjackLauncher.m */ = {isa = PBXFileReference; fileEncoding = 4; lastKnownFileType = sourcecode.c.objc; path = LumberjackLauncher.m; sourceTree = "<group>"; };
		B87258D61AE0AB1500B93482 /* PrefixHeader.pch */ = {isa = PBXFileReference; lastKnownFileType = sourcecode.c.h; path = PrefixHeader.pch; sourceTree = "<group>"; };
		B8CC68A31BB3E799000E8568 /* LumberjackLauncherMacros.h */ = {isa = PBXFileReference; lastKnownFileType = sourcecode.c.h; path = LumberjackLauncherMacros.h; sourceTree = "<group>"; };
		D600D99C85D93EF7CA0389FB /* Pods-LumberjackLauncherExample.release.xcconfig */ = {isa = PBXFileReference; includeInIndex = 1; lastKnownFileType = text.xcconfig; name = "Pods-LumberjackLauncherExample.release.xcconfig"; path = "Pods/Target Support Files/Pods-LumberjackLauncherExample/Pods-LumberjackLauncherExample.release.xcconfig"; sourceTree = "<group>"; };
		ECFB0ED9E6822299E674D6E4 /* libPods-LumberjackLauncherExampleTests.a */ = {isa = PBXFileReference; explicitFileType = archive.ar; includeInIndex = 0; path = "libPods-LumberjackLauncherExampleTests.a"; sourceTree = BUILT_PRODUCTS_DIR; };
/* End PBXFileReference section */

/* Begin PBXFrameworksBuildPhase section */
		B87258A61AE0A70700B93482 /* Frameworks */ = {
			isa = PBXFrameworksBuildPhase;
			buildActionMask = 2147483647;
			files = (
				8295DA0E0B8A0936C2AA96CA /* libPods-LumberjackLauncherExample.a in Frameworks */,
			);
			runOnlyForDeploymentPostprocessing = 0;
		};
		B87258BF1AE0A70700B93482 /* Frameworks */ = {
			isa = PBXFrameworksBuildPhase;
			buildActionMask = 2147483647;
			files = (
				1F6DB1B5FD8A997078A45F5F /* libPods-LumberjackLauncherExampleTests.a in Frameworks */,
			);
			runOnlyForDeploymentPostprocessing = 0;
		};
/* End PBXFrameworksBuildPhase section */

/* Begin PBXGroup section */
		B87258A01AE0A70700B93482 = {
			isa = PBXGroup;
			children = (
				B87258AB1AE0A70700B93482 /* LumberjackLauncherExample */,
				B87258D21AE0A82000B93482 /* LumberjackLauncher */,
				B87258C51AE0A70700B93482 /* LumberjackLauncherExampleTests */,
				B87258AA1AE0A70700B93482 /* Products */,
				D97746E28584E2262C552F8C /* Pods */,
				CABE3D43A261257A72260673 /* Frameworks */,
			);
			sourceTree = "<group>";
		};
		B87258AA1AE0A70700B93482 /* Products */ = {
			isa = PBXGroup;
			children = (
				B87258A91AE0A70700B93482 /* LumberjackLauncherExample.app */,
				B87258C21AE0A70700B93482 /* LumberjackLauncherExampleTests.xctest */,
			);
			name = Products;
			sourceTree = "<group>";
		};
		B87258AB1AE0A70700B93482 /* LumberjackLauncherExample */ = {
			isa = PBXGroup;
			children = (
				B87258B01AE0A70700B93482 /* AppDelegate.h */,
				B87258B11AE0A70700B93482 /* AppDelegate.m */,
				B87258B31AE0A70700B93482 /* ViewController.h */,
				B87258B41AE0A70700B93482 /* ViewController.m */,
				B87258B61AE0A70700B93482 /* Main.storyboard */,
				B87258B91AE0A70700B93482 /* Images.xcassets */,
				B87258BB1AE0A70700B93482 /* LaunchScreen.xib */,
				B87258AC1AE0A70700B93482 /* Supporting Files */,
			);
			path = LumberjackLauncherExample;
			sourceTree = "<group>";
		};
		B87258AC1AE0A70700B93482 /* Supporting Files */ = {
			isa = PBXGroup;
			children = (
				B87258AD1AE0A70700B93482 /* Info.plist */,
				B87258AE1AE0A70700B93482 /* main.m */,
				B87258D61AE0AB1500B93482 /* PrefixHeader.pch */,
			);
			name = "Supporting Files";
			sourceTree = "<group>";
		};
		B87258C51AE0A70700B93482 /* LumberjackLauncherExampleTests */ = {
			isa = PBXGroup;
			children = (
				B87258C81AE0A70700B93482 /* LumberjackLauncherExampleTests.m */,
				B87258C61AE0A70700B93482 /* Supporting Files */,
			);
			path = LumberjackLauncherExampleTests;
			sourceTree = "<group>";
		};
		B87258C61AE0A70700B93482 /* Supporting Files */ = {
			isa = PBXGroup;
			children = (
				B87258C71AE0A70700B93482 /* Info.plist */,
			);
			name = "Supporting Files";
			sourceTree = "<group>";
		};
		B87258D21AE0A82000B93482 /* LumberjackLauncher */ = {
			isa = PBXGroup;
			children = (
				B87258D31AE0A85700B93482 /* LumberjackLauncher.h */,
				B87258D41AE0A85700B93482 /* LumberjackLauncher.m */,
				B8CC68A31BB3E799000E8568 /* LumberjackLauncherMacros.h */,
			);
			name = LumberjackLauncher;
			path = ../../Classes/LumberjackLauncher;
			sourceTree = "<group>";
		};
		CABE3D43A261257A72260673 /* Frameworks */ = {
			isa = PBXGroup;
			children = (
				60C7D540966101C03C2CA934 /* libPods-LumberjackLauncherExample.a */,
				ECFB0ED9E6822299E674D6E4 /* libPods-LumberjackLauncherExampleTests.a */,
			);
			name = Frameworks;
			sourceTree = "<group>";
		};
		D97746E28584E2262C552F8C /* Pods */ = {
			isa = PBXGroup;
			children = (
				3F991A339BCE8146051F6C1B /* Pods-LumberjackLauncherExample.debug.xcconfig */,
				D600D99C85D93EF7CA0389FB /* Pods-LumberjackLauncherExample.release.xcconfig */,
				625917274F1CCCF8326E6063 /* Pods-LumberjackLauncherExampleTests.debug.xcconfig */,
				8FEFAAD8E91C77222A780B34 /* Pods-LumberjackLauncherExampleTests.release.xcconfig */,
			);
			name = Pods;
			sourceTree = "<group>";
		};
/* End PBXGroup section */

/* Begin PBXNativeTarget section */
		B87258A81AE0A70700B93482 /* LumberjackLauncherExample */ = {
			isa = PBXNativeTarget;
			buildConfigurationList = B87258CC1AE0A70700B93482 /* Build configuration list for PBXNativeTarget "LumberjackLauncherExample" */;
			buildPhases = (
				B018E8CC828919789D897F71 /* [CP] Check Pods Manifest.lock */,
				B87258A51AE0A70700B93482 /* Sources */,
				B87258A61AE0A70700B93482 /* Frameworks */,
				B87258A71AE0A70700B93482 /* Resources */,
				1230691432346AC1E95CB069 /* [CP] Embed Pods Frameworks */,
				9C659D6AD2AF117DEA4A5DE5 /* [CP] Copy Pods Resources */,
			);
			buildRules = (
			);
			dependencies = (
			);
			name = LumberjackLauncherExample;
			productName = CocoaLumberjackLauncherExample;
			productReference = B87258A91AE0A70700B93482 /* LumberjackLauncherExample.app */;
			productType = "com.apple.product-type.application";
		};
		B87258C11AE0A70700B93482 /* LumberjackLauncherExampleTests */ = {
			isa = PBXNativeTarget;
			buildConfigurationList = B87258CF1AE0A70700B93482 /* Build configuration list for PBXNativeTarget "LumberjackLauncherExampleTests" */;
			buildPhases = (
				3053572067646A503BFB4F22 /* [CP] Check Pods Manifest.lock */,
				B87258BE1AE0A70700B93482 /* Sources */,
				B87258BF1AE0A70700B93482 /* Frameworks */,
				B87258C01AE0A70700B93482 /* Resources */,
				495E96D010AD6BC29F363518 /* [CP] Embed Pods Frameworks */,
				8AB6379F78F6C7D9D2A4EE5E /* [CP] Copy Pods Resources */,
			);
			buildRules = (
			);
			dependencies = (
				B87258C41AE0A70700B93482 /* PBXTargetDependency */,
			);
			name = LumberjackLauncherExampleTests;
			productName = CocoaLumberjackLauncherExampleTests;
			productReference = B87258C21AE0A70700B93482 /* LumberjackLauncherExampleTests.xctest */;
			productType = "com.apple.product-type.bundle.unit-test";
		};
/* End PBXNativeTarget section */

/* Begin PBXProject section */
		B87258A11AE0A70700B93482 /* Project object */ = {
			isa = PBXProject;
			attributes = {
				LastUpgradeCheck = 0910;
				ORGANIZATIONNAME = "Yu Sugawara";
				TargetAttributes = {
					B87258A81AE0A70700B93482 = {
						CreatedOnToolsVersion = 6.3;
					};
					B87258C11AE0A70700B93482 = {
						CreatedOnToolsVersion = 6.3;
						TestTargetID = B87258A81AE0A70700B93482;
					};
				};
			};
			buildConfigurationList = B87258A41AE0A70700B93482 /* Build configuration list for PBXProject "LumberjackLauncherExample" */;
			compatibilityVersion = "Xcode 3.2";
			developmentRegion = English;
			hasScannedForEncodings = 0;
			knownRegions = (
				en,
				Base,
			);
			mainGroup = B87258A01AE0A70700B93482;
			productRefGroup = B87258AA1AE0A70700B93482 /* Products */;
			projectDirPath = "";
			projectRoot = "";
			targets = (
				B87258A81AE0A70700B93482 /* LumberjackLauncherExample */,
				B87258C11AE0A70700B93482 /* LumberjackLauncherExampleTests */,
			);
		};
/* End PBXProject section */

/* Begin PBXResourcesBuildPhase section */
		B87258A71AE0A70700B93482 /* Resources */ = {
			isa = PBXResourcesBuildPhase;
			buildActionMask = 2147483647;
			files = (
				B87258B81AE0A70700B93482 /* Main.storyboard in Resources */,
				B87258BD1AE0A70700B93482 /* LaunchScreen.xib in Resources */,
				B87258BA1AE0A70700B93482 /* Images.xcassets in Resources */,
			);
			runOnlyForDeploymentPostprocessing = 0;
		};
		B87258C01AE0A70700B93482 /* Resources */ = {
			isa = PBXResourcesBuildPhase;
			buildActionMask = 2147483647;
			files = (
			);
			runOnlyForDeploymentPostprocessing = 0;
		};
/* End PBXResourcesBuildPhase section */

/* Begin PBXShellScriptBuildPhase section */
		1230691432346AC1E95CB069 /* [CP] Embed Pods Frameworks */ = {
			isa = PBXShellScriptBuildPhase;
			buildActionMask = 2147483647;
			files = (
			);
			inputPaths = (
			);
			name = "[CP] Embed Pods Frameworks";
			outputPaths = (
			);
			runOnlyForDeploymentPostprocessing = 0;
			shellPath = /bin/sh;
			shellScript = "\"${SRCROOT}/Pods/Target Support Files/Pods-LumberjackLauncherExample/Pods-LumberjackLauncherExample-frameworks.sh\"\n";
			showEnvVarsInLog = 0;
		};
		3053572067646A503BFB4F22 /* [CP] Check Pods Manifest.lock */ = {
			isa = PBXShellScriptBuildPhase;
			buildActionMask = 2147483647;
			files = (
			);
			inputPaths = (
				"${PODS_PODFILE_DIR_PATH}/Podfile.lock",
				"${PODS_ROOT}/Manifest.lock",
			);
			name = "[CP] Check Pods Manifest.lock";
			outputPaths = (
				"$(DERIVED_FILE_DIR)/Pods-LumberjackLauncherExampleTests-checkManifestLockResult.txt",
			);
			runOnlyForDeploymentPostprocessing = 0;
			shellPath = /bin/sh;
			shellScript = "diff \"${PODS_PODFILE_DIR_PATH}/Podfile.lock\" \"${PODS_ROOT}/Manifest.lock\" > /dev/null\nif [ $? != 0 ] ; then\n    # print error to STDERR\n    echo \"error: The sandbox is not in sync with the Podfile.lock. Run 'pod install' or update your CocoaPods installation.\" >&2\n    exit 1\nfi\n# This output is used by Xcode 'outputs' to avoid re-running this script phase.\necho \"SUCCESS\" > \"${SCRIPT_OUTPUT_FILE_0}\"\n";
			showEnvVarsInLog = 0;
		};
		495E96D010AD6BC29F363518 /* [CP] Embed Pods Frameworks */ = {
			isa = PBXShellScriptBuildPhase;
			buildActionMask = 2147483647;
			files = (
			);
			inputPaths = (
			);
			name = "[CP] Embed Pods Frameworks";
			outputPaths = (
			);
			runOnlyForDeploymentPostprocessing = 0;
			shellPath = /bin/sh;
			shellScript = "\"${SRCROOT}/Pods/Target Support Files/Pods-LumberjackLauncherExampleTests/Pods-LumberjackLauncherExampleTests-frameworks.sh\"\n";
			showEnvVarsInLog = 0;
		};
		8AB6379F78F6C7D9D2A4EE5E /* [CP] Copy Pods Resources */ = {
			isa = PBXShellScriptBuildPhase;
			buildActionMask = 2147483647;
			files = (
			);
			inputPaths = (
			);
			name = "[CP] Copy Pods Resources";
			outputPaths = (
			);
			runOnlyForDeploymentPostprocessing = 0;
			shellPath = /bin/sh;
			shellScript = "\"${SRCROOT}/Pods/Target Support Files/Pods-LumberjackLauncherExampleTests/Pods-LumberjackLauncherExampleTests-resources.sh\"\n";
			showEnvVarsInLog = 0;
		};
		9C659D6AD2AF117DEA4A5DE5 /* [CP] Copy Pods Resources */ = {
			isa = PBXShellScriptBuildPhase;
			buildActionMask = 2147483647;
			files = (
			);
			inputPaths = (
				"${SRCROOT}/Pods/Target Support Files/Pods-LumberjackLauncherExample/Pods-LumberjackLauncherExample-resources.sh",
				"${PODS_ROOT}/LumberjackConsole/Source/LumberjackConsole.storyboard",
			);
			name = "[CP] Copy Pods Resources";
			outputPaths = (
				"${TARGET_BUILD_DIR}/${UNLOCALIZED_RESOURCES_FOLDER_PATH}",
			);
			runOnlyForDeploymentPostprocessing = 0;
			shellPath = /bin/sh;
			shellScript = "\"${SRCROOT}/Pods/Target Support Files/Pods-LumberjackLauncherExample/Pods-LumberjackLauncherExample-resources.sh\"\n";
			showEnvVarsInLog = 0;
		};
		B018E8CC828919789D897F71 /* [CP] Check Pods Manifest.lock */ = {
			isa = PBXShellScriptBuildPhase;
			buildActionMask = 2147483647;
			files = (
			);
			inputPaths = (
				"${PODS_PODFILE_DIR_PATH}/Podfile.lock",
				"${PODS_ROOT}/Manifest.lock",
			);
			name = "[CP] Check Pods Manifest.lock";
			outputPaths = (
				"$(DERIVED_FILE_DIR)/Pods-LumberjackLauncherExample-checkManifestLockResult.txt",
			);
			runOnlyForDeploymentPostprocessing = 0;
			shellPath = /bin/sh;
			shellScript = "diff \"${PODS_PODFILE_DIR_PATH}/Podfile.lock\" \"${PODS_ROOT}/Manifest.lock\" > /dev/null\nif [ $? != 0 ] ; then\n    # print error to STDERR\n    echo \"error: The sandbox is not in sync with the Podfile.lock. Run 'pod install' or update your CocoaPods installation.\" >&2\n    exit 1\nfi\n# This output is used by Xcode 'outputs' to avoid re-running this script phase.\necho \"SUCCESS\" > \"${SCRIPT_OUTPUT_FILE_0}\"\n";
			showEnvVarsInLog = 0;
		};
/* End PBXShellScriptBuildPhase section */

/* Begin PBXSourcesBuildPhase section */
		B87258A51AE0A70700B93482 /* Sources */ = {
			isa = PBXSourcesBuildPhase;
			buildActionMask = 2147483647;
			files = (
				B87258B51AE0A70700B93482 /* ViewController.m in Sources */,
				B87258B21AE0A70700B93482 /* AppDelegate.m in Sources */,
				B87258AF1AE0A70700B93482 /* main.m in Sources */,
				B87258D51AE0A85700B93482 /* LumberjackLauncher.m in Sources */,
			);
			runOnlyForDeploymentPostprocessing = 0;
		};
		B87258BE1AE0A70700B93482 /* Sources */ = {
			isa = PBXSourcesBuildPhase;
			buildActionMask = 2147483647;
			files = (
				B87258C91AE0A70700B93482 /* LumberjackLauncherExampleTests.m in Sources */,
			);
			runOnlyForDeploymentPostprocessing = 0;
		};
/* End PBXSourcesBuildPhase section */

/* Begin PBXTargetDependency section */
		B87258C41AE0A70700B93482 /* PBXTargetDependency */ = {
			isa = PBXTargetDependency;
			target = B87258A81AE0A70700B93482 /* LumberjackLauncherExample */;
			targetProxy = B87258C31AE0A70700B93482 /* PBXContainerItemProxy */;
		};
/* End PBXTargetDependency section */

/* Begin PBXVariantGroup section */
		B87258B61AE0A70700B93482 /* Main.storyboard */ = {
			isa = PBXVariantGroup;
			children = (
				B87258B71AE0A70700B93482 /* Base */,
			);
			name = Main.storyboard;
			sourceTree = "<group>";
		};
		B87258BB1AE0A70700B93482 /* LaunchScreen.xib */ = {
			isa = PBXVariantGroup;
			children = (
				B87258BC1AE0A70700B93482 /* Base */,
			);
			name = LaunchScreen.xib;
			sourceTree = "<group>";
		};
/* End PBXVariantGroup section */

/* Begin XCBuildConfiguration section */
		B87258CA1AE0A70700B93482 /* Debug */ = {
			isa = XCBuildConfiguration;
			buildSettings = {
				ALWAYS_SEARCH_USER_PATHS = NO;
				CLANG_CXX_LANGUAGE_STANDARD = "gnu++0x";
				CLANG_CXX_LIBRARY = "libc++";
				CLANG_ENABLE_MODULES = YES;
				CLANG_ENABLE_OBJC_ARC = YES;
				CLANG_WARN_BLOCK_CAPTURE_AUTORELEASING = YES;
				CLANG_WARN_BOOL_CONVERSION = YES;
				CLANG_WARN_COMMA = YES;
				CLANG_WARN_CONSTANT_CONVERSION = YES;
				CLANG_WARN_DIRECT_OBJC_ISA_USAGE = YES_ERROR;
				CLANG_WARN_EMPTY_BODY = YES;
				CLANG_WARN_ENUM_CONVERSION = YES;
				CLANG_WARN_INFINITE_RECURSION = YES;
				CLANG_WARN_INT_CONVERSION = YES;
				CLANG_WARN_NON_LITERAL_NULL_CONVERSION = YES;
				CLANG_WARN_OBJC_LITERAL_CONVERSION = YES;
				CLANG_WARN_OBJC_ROOT_CLASS = YES_ERROR;
				CLANG_WARN_RANGE_LOOP_ANALYSIS = YES;
				CLANG_WARN_STRICT_PROTOTYPES = YES;
				CLANG_WARN_SUSPICIOUS_MOVE = YES;
				CLANG_WARN_UNREACHABLE_CODE = YES;
				CLANG_WARN__DUPLICATE_METHOD_MATCH = YES;
				"CODE_SIGN_IDENTITY[sdk=iphoneos*]" = "iPhone Developer";
				COPY_PHASE_STRIP = NO;
				DEBUG_INFORMATION_FORMAT = "dwarf-with-dsym";
				ENABLE_STRICT_OBJC_MSGSEND = YES;
				ENABLE_TESTABILITY = YES;
				GCC_C_LANGUAGE_STANDARD = gnu99;
				GCC_DYNAMIC_NO_PIC = NO;
				GCC_NO_COMMON_BLOCKS = YES;
				GCC_OPTIMIZATION_LEVEL = 0;
				GCC_PREPROCESSOR_DEFINITIONS = (
					"DEBUG=1",
					"$(inherited)",
				);
				GCC_SYMBOLS_PRIVATE_EXTERN = NO;
				GCC_WARN_64_TO_32_BIT_CONVERSION = YES;
				GCC_WARN_ABOUT_RETURN_TYPE = YES_ERROR;
				GCC_WARN_UNDECLARED_SELECTOR = YES;
				GCC_WARN_UNINITIALIZED_AUTOS = YES_AGGRESSIVE;
				GCC_WARN_UNUSED_FUNCTION = YES;
				GCC_WARN_UNUSED_VARIABLE = YES;
				IPHONEOS_DEPLOYMENT_TARGET = 8.3;
				MTL_ENABLE_DEBUG_INFO = YES;
				ONLY_ACTIVE_ARCH = YES;
				SDKROOT = iphoneos;
			};
			name = Debug;
		};
		B87258CB1AE0A70700B93482 /* Release */ = {
			isa = XCBuildConfiguration;
			buildSettings = {
				ALWAYS_SEARCH_USER_PATHS = NO;
				CLANG_CXX_LANGUAGE_STANDARD = "gnu++0x";
				CLANG_CXX_LIBRARY = "libc++";
				CLANG_ENABLE_MODULES = YES;
				CLANG_ENABLE_OBJC_ARC = YES;
				CLANG_WARN_BLOCK_CAPTURE_AUTORELEASING = YES;
				CLANG_WARN_BOOL_CONVERSION = YES;
				CLANG_WARN_COMMA = YES;
				CLANG_WARN_CONSTANT_CONVERSION = YES;
				CLANG_WARN_DIRECT_OBJC_ISA_USAGE = YES_ERROR;
				CLANG_WARN_EMPTY_BODY = YES;
				CLANG_WARN_ENUM_CONVERSION = YES;
				CLANG_WARN_INFINITE_RECURSION = YES;
				CLANG_WARN_INT_CONVERSION = YES;
				CLANG_WARN_NON_LITERAL_NULL_CONVERSION = YES;
				CLANG_WARN_OBJC_LITERAL_CONVERSION = YES;
				CLANG_WARN_OBJC_ROOT_CLASS = YES_ERROR;
				CLANG_WARN_RANGE_LOOP_ANALYSIS = YES;
				CLANG_WARN_STRICT_PROTOTYPES = YES;
				CLANG_WARN_SUSPICIOUS_MOVE = YES;
				CLANG_WARN_UNREACHABLE_CODE = YES;
				CLANG_WARN__DUPLICATE_METHOD_MATCH = YES;
				"CODE_SIGN_IDENTITY[sdk=iphoneos*]" = "iPhone Developer";
				COPY_PHASE_STRIP = NO;
				DEBUG_INFORMATION_FORMAT = "dwarf-with-dsym";
				ENABLE_NS_ASSERTIONS = NO;
				ENABLE_STRICT_OBJC_MSGSEND = YES;
				GCC_C_LANGUAGE_STANDARD = gnu99;
				GCC_NO_COMMON_BLOCKS = YES;
				GCC_WARN_64_TO_32_BIT_CONVERSION = YES;
				GCC_WARN_ABOUT_RETURN_TYPE = YES_ERROR;
				GCC_WARN_UNDECLARED_SELECTOR = YES;
				GCC_WARN_UNINITIALIZED_AUTOS = YES_AGGRESSIVE;
				GCC_WARN_UNUSED_FUNCTION = YES;
				GCC_WARN_UNUSED_VARIABLE = YES;
				IPHONEOS_DEPLOYMENT_TARGET = 8.3;
				MTL_ENABLE_DEBUG_INFO = NO;
				SDKROOT = iphoneos;
				VALIDATE_PRODUCT = YES;
			};
			name = Release;
		};
		B87258CD1AE0A70700B93482 /* Debug */ = {
			isa = XCBuildConfiguration;
			baseConfigurationReference = 3F991A339BCE8146051F6C1B /* Pods-LumberjackLauncherExample.debug.xcconfig */;
			buildSettings = {
				ASSETCATALOG_COMPILER_APPICON_NAME = AppIcon;
				ASSETCATALOG_COMPILER_LAUNCHIMAGE_NAME = LaunchImage;
				GCC_PREFIX_HEADER = "$(SRCROOT)/$(PRODUCT_NAME)/PrefixHeader.pch";
				INFOPLIST_FILE = LumberjackLauncherExample/Info.plist;
				IPHONEOS_DEPLOYMENT_TARGET = 8.0;
				LD_RUNPATH_SEARCH_PATHS = "$(inherited) @executable_path/Frameworks";
				PRODUCT_BUNDLE_IDENTIFIER = "com.yusuga.$(PRODUCT_NAME:rfc1034identifier)";
				PRODUCT_NAME = LumberjackLauncherExample;
			};
			name = Debug;
		};
		B87258CE1AE0A70700B93482 /* Release */ = {
			isa = XCBuildConfiguration;
			baseConfigurationReference = D600D99C85D93EF7CA0389FB /* Pods-LumberjackLauncherExample.release.xcconfig */;
			buildSettings = {
				ASSETCATALOG_COMPILER_APPICON_NAME = AppIcon;
				ASSETCATALOG_COMPILER_LAUNCHIMAGE_NAME = LaunchImage;
				GCC_PREFIX_HEADER = "$(SRCROOT)/$(PRODUCT_NAME)/PrefixHeader.pch";
				INFOPLIST_FILE = LumberjackLauncherExample/Info.plist;
				IPHONEOS_DEPLOYMENT_TARGET = 8.0;
				LD_RUNPATH_SEARCH_PATHS = "$(inherited) @executable_path/Frameworks";
				PRODUCT_BUNDLE_IDENTIFIER = "com.yusuga.$(PRODUCT_NAME:rfc1034identifier)";
				PRODUCT_NAME = LumberjackLauncherExample;
			};
			name = Release;
		};
		B87258D01AE0A70700B93482 /* Debug */ = {
			isa = XCBuildConfiguration;
			baseConfigurationReference = 625917274F1CCCF8326E6063 /* Pods-LumberjackLauncherExampleTests.debug.xcconfig */;
			buildSettings = {
				BUNDLE_LOADER = "$(TEST_HOST)";
				FRAMEWORK_SEARCH_PATHS = "$(inherited)";
				GCC_PREPROCESSOR_DEFINITIONS = (
					"DEBUG=1",
					"$(inherited)",
				);
				INFOPLIST_FILE = LumberjackLauncherExampleTests/Info.plist;
				LD_RUNPATH_SEARCH_PATHS = "$(inherited) @executable_path/Frameworks @loader_path/Frameworks";
				PRODUCT_BUNDLE_IDENTIFIER = "com.yusuga.$(PRODUCT_NAME:rfc1034identifier)";
				PRODUCT_NAME = LumberjackLauncherExampleTests;
				TEST_HOST = "$(BUILT_PRODUCTS_DIR)/LumberjackLauncherExample.app/LumberjackLauncherExample";
			};
			name = Debug;
		};
		B87258D11AE0A70700B93482 /* Release */ = {
			isa = XCBuildConfiguration;
			baseConfigurationReference = 8FEFAAD8E91C77222A780B34 /* Pods-LumberjackLauncherExampleTests.release.xcconfig */;
			buildSettings = {
				BUNDLE_LOADER = "$(TEST_HOST)";
				FRAMEWORK_SEARCH_PATHS = "$(inherited)";
				INFOPLIST_FILE = LumberjackLauncherExampleTests/Info.plist;
				LD_RUNPATH_SEARCH_PATHS = "$(inherited) @executable_path/Frameworks @loader_path/Frameworks";
				PRODUCT_BUNDLE_IDENTIFIER = "com.yusuga.$(PRODUCT_NAME:rfc1034identifier)";
				PRODUCT_NAME = LumberjackLauncherExampleTests;
				TEST_HOST = "$(BUILT_PRODUCTS_DIR)/LumberjackLauncherExample.app/LumberjackLauncherExample";
			};
			name = Release;
		};
/* End XCBuildConfiguration section */

/* Begin XCConfigurationList section */
		B87258A41AE0A70700B93482 /* Build configuration list for PBXProject "LumberjackLauncherExample" */ = {
			isa = XCConfigurationList;
			buildConfigurations = (
				B87258CA1AE0A70700B93482 /* Debug */,
				B87258CB1AE0A70700B93482 /* Release */,
			);
			defaultConfigurationIsVisible = 0;
			defaultConfigurationName = Release;
		};
		B87258CC1AE0A70700B93482 /* Build configuration list for PBXNativeTarget "LumberjackLauncherExample" */ = {
			isa = XCConfigurationList;
			buildConfigurations = (
				B87258CD1AE0A70700B93482 /* Debug */,
				B87258CE1AE0A70700B93482 /* Release */,
			);
			defaultConfigurationIsVisible = 0;
			defaultConfigurationName = Release;
		};
		B87258CF1AE0A70700B93482 /* Build configuration list for PBXNativeTarget "LumberjackLauncherExampleTests" */ = {
			isa = XCConfigurationList;
			buildConfigurations = (
				B87258D01AE0A70700B93482 /* Debug */,
				B87258D11AE0A70700B93482 /* Release */,
			);
			defaultConfigurationIsVisible = 0;
			defaultConfigurationName = Release;
		};
/* End XCConfigurationList section */
	};
	rootObject = B87258A11AE0A70700B93482 /* Project object */;
}
